
Microsoft Visual Studio Solution File, Format Version 12.00
# Visual Studio Version 17
VisualStudioVersion = 17.14.36212.18
MinimumVisualStudioVersion = 10.0.40219.1
Project("{FAE04EC0-301F-11D3-BF4B-00C04F79EFBC}") = "HW2_1", "HW2_1\HW2_1.csproj", "{91762031-0916-4B96-9637-15167D7201DD}"
EndProject
Project("{FAE04EC0-301F-11D3-BF4B-00C04F79EFBC}") = "HW2_1-2", "HW2_1-2\HW2_1-2.csproj", "{C0A099E4-CAB4-44A2-81B4-59409E448714}"
EndProject
Project("{FAE04EC0-301F-11D3-BF4B-00C04F79EFBC}") = "HW2_2-2", "HW2_2-2\HW2_2-2.csproj", "{B97D69F3-504E-427B-B7CB-11D43E661C56}"
EndProject
Global
	GlobalSection(SolutionConfigurationPlatforms) = preSolution
		Debug|Any CPU = Debug|Any CPU
		Release|Any CPU = Release|Any CPU
	EndGlobalSection
	GlobalSection(ProjectConfigurationPlatforms) = postSolution
		{91762031-0916-4B96-9637-15167D7201DD}.Debug|Any CPU.ActiveCfg = Debug|Any CPU
		{91762031-0916-4B96-9637-15167D7201DD}.Debug|Any CPU.Build.0 = Debug|Any CPU
		{91762031-0916-4B96-9637-15167D7201DD}.Release|Any CPU.ActiveCfg = Release|Any CPU
		{91762031-0916-4B96-9637-15167D7201DD}.Release|Any CPU.Build.0 = Release|Any CPU
		{C0A099E4-CAB4-44A2-81B4-59409E448714}.Debug|Any CPU.ActiveCfg = Debug|Any CPU
		{C0A099E4-CAB4-44A2-81B4-59409E448714}.Debug|Any CPU.Build.0 = Debug|Any CPU
		{C0A099E4-CAB4-44A2-81B4-59409E448714}.Release|Any CPU.ActiveCfg = Release|Any CPU
		{C0A099E4-CAB4-44A2-81B4-59409E448714}.Release|Any CPU.Build.0 = Release|Any CPU
		{B97D69F3-504E-427B-B7CB-11D43E661C56}.Debug|Any CPU.ActiveCfg = Debug|Any CPU
		{B97D69F3-504E-427B-B7CB-11D43E661C56}.Debug|Any CPU.Build.0 = Debug|Any CPU
		{B97D69F3-504E-427B-B7CB-11D43E661C56}.Release|Any CPU.ActiveCfg = Release|Any CPU
		{B97D69F3-504E-427B-B7CB-11D43E661C56}.Release|Any CPU.Build.0 = Release|Any CPU
	EndGlobalSection
	GlobalSection(SolutionProperties) = preSolution
		HideSolutionNode = FALSE
	EndGlobalSection
	GlobalSection(ExtensibilityGlobals) = postSolution
		SolutionGuid = {9619B9F1-A742-4EC6-8D12-37200C046ADC}
	EndGlobalSection
EndGlobal
